
Microsoft Visual Studio Solution File, Format Version 12.00
# Visual Studio Version 17
VisualStudioVersion = 17.0.31903.59
MinimumVisualStudioVersion = 10.0.40219.1
Project("{FAE04EC0-301F-11D3-BF4B-00C04F79EFBC}") = "ResourceApi", "ResourceApi\ResourceApi.csproj", "{9B370472-EE72-48AE-A132-E2A4AEB2B626}"
EndProject
Project("{FAE04EC0-301F-11D3-BF4B-00C04F79EFBC}") = "ClientConsole", "ClientConsole\ClientConsole.csproj", "{A8808A4D-5A76-4F55-9DBE-CAD133A68E4F}"
EndProject
Global
	GlobalSection(SolutionConfigurationPlatforms) = preSolution
		Debug|Any CPU = Debug|Any CPU
		Release|Any CPU = Release|Any CPU
	EndGlobalSection
	GlobalSection(SolutionProperties) = preSolution
		HideSolutionNode = FALSE
	EndGlobalSection
	GlobalSection(ProjectConfigurationPlatforms) = postSolution
		{9B370472-EE72-48AE-A132-E2A4AEB2B626}.Debug|Any CPU.ActiveCfg = Debug|Any CPU
		{9B370472-EE72-48AE-A132-E2A4AEB2B626}.Debug|Any CPU.Build.0 = Debug|Any CPU
		{9B370472-EE72-48AE-A132-E2A4AEB2B626}.Release|Any CPU.ActiveCfg = Release|Any CPU
		{9B370472-EE72-48AE-A132-E2A4AEB2B626}.Release|Any CPU.Build.0 = Release|Any CPU
		{A8808A4D-5A76-4F55-9DBE-CAD133A68E4F}.Debug|Any CPU.ActiveCfg = Debug|Any CPU
		{A8808A4D-5A76-4F55-9DBE-CAD133A68E4F}.Debug|Any CPU.Build.0 = Debug|Any CPU
		{A8808A4D-5A76-4F55-9DBE-CAD133A68E4F}.Release|Any CPU.ActiveCfg = Release|Any CPU
		{A8808A4D-5A76-4F55-9DBE-CAD133A68E4F}.Release|Any CPU.Build.0 = Release|Any CPU
	EndGlobalSection
EndGlobal
